
Microsoft Visual Studio Solution File, Format Version 12.00
# Visual Studio 15
VisualStudioVersion = 15.0.26730.16
MinimumVisualStudioVersion = 10.0.40219.1
Project("{FAE04EC0-301F-11D3-BF4B-00C04F79EFBC}") = "LearningPlatform.DatabaseModels", "DatabaseModels\LearningPlatform.DatabaseModels.csproj", "{27726CB1-89AB-4D1C-B6B6-FA36191C4629}"
EndProject
Project("{FAE04EC0-301F-11D3-BF4B-00C04F79EFBC}") = "LearningPlatform.Data", "Data\LearningPlatform.Data.csproj", "{3EB7CCE9-5729-4E32-84ED-F2F8B280C770}"
EndProject
Project("{FAE04EC0-301F-11D3-BF4B-00C04F79EFBC}") = "LearningPlatform.Web", "StudentSystem.Web\LearningPlatform.Web.csproj", "{74E5F30C-A21C-42E2-B259-E92A0E8798DB}"
EndProject
Global
	GlobalSection(SolutionConfigurationPlatforms) = preSolution
		Debug|Any CPU = Debug|Any CPU
		Release|Any CPU = Release|Any CPU
	EndGlobalSection
	GlobalSection(ProjectConfigurationPlatforms) = postSolution
		{27726CB1-89AB-4D1C-B6B6-FA36191C4629}.Debug|Any CPU.ActiveCfg = Debug|Any CPU
		{27726CB1-89AB-4D1C-B6B6-FA36191C4629}.Debug|Any CPU.Build.0 = Debug|Any CPU
		{27726CB1-89AB-4D1C-B6B6-FA36191C4629}.Release|Any CPU.ActiveCfg = Release|Any CPU
		{27726CB1-89AB-4D1C-B6B6-FA36191C4629}.Release|Any CPU.Build.0 = Release|Any CPU
		{3EB7CCE9-5729-4E32-84ED-F2F8B280C770}.Debug|Any CPU.ActiveCfg = Debug|Any CPU
		{3EB7CCE9-5729-4E32-84ED-F2F8B280C770}.Debug|Any CPU.Build.0 = Debug|Any CPU
		{3EB7CCE9-5729-4E32-84ED-F2F8B280C770}.Release|Any CPU.ActiveCfg = Release|Any CPU
		{3EB7CCE9-5729-4E32-84ED-F2F8B280C770}.Release|Any CPU.Build.0 = Release|Any CPU
		{74E5F30C-A21C-42E2-B259-E92A0E8798DB}.Debug|Any CPU.ActiveCfg = Debug|Any CPU
		{74E5F30C-A21C-42E2-B259-E92A0E8798DB}.Debug|Any CPU.Build.0 = Debug|Any CPU
		{74E5F30C-A21C-42E2-B259-E92A0E8798DB}.Release|Any CPU.ActiveCfg = Release|Any CPU
		{74E5F30C-A21C-42E2-B259-E92A0E8798DB}.Release|Any CPU.Build.0 = Release|Any CPU
	EndGlobalSection
	GlobalSection(SolutionProperties) = preSolution
		HideSolutionNode = FALSE
	EndGlobalSection
	GlobalSection(ExtensibilityGlobals) = postSolution
		SolutionGuid = {7D74592A-BCCF-4C63-AEC4-C7670EF05D36}
	EndGlobalSection
EndGlobal
